
Microsoft Visual Studio Solution File, Format Version 12.00
# Visual Studio Version 16
VisualStudioVersion = 16.0.31025.194
MinimumVisualStudioVersion = 10.0.40219.1
Project("{9A19103F-16F7-4668-BE54-9A1E7A4F7556}") = "ReMake_FIO", "ReMake_FIO.csproj", "{317E6DCF-18A3-4E3D-9A37-E84F1147A1EA}"
EndProject
Global
	GlobalSection(SolutionConfigurationPlatforms) = preSolution
		Debug|Any CPU = Debug|Any CPU
		Release|Any CPU = Release|Any CPU
	EndGlobalSection
	GlobalSection(ProjectConfigurationPlatforms) = postSolution
		{317E6DCF-18A3-4E3D-9A37-E84F1147A1EA}.Debug|Any CPU.ActiveCfg = Debug|Any CPU
		{317E6DCF-18A3-4E3D-9A37-E84F1147A1EA}.Debug|Any CPU.Build.0 = Debug|Any CPU
		{317E6DCF-18A3-4E3D-9A37-E84F1147A1EA}.Release|Any CPU.ActiveCfg = Release|Any CPU
		{317E6DCF-18A3-4E3D-9A37-E84F1147A1EA}.Release|Any CPU.Build.0 = Release|Any CPU
	EndGlobalSection
	GlobalSection(SolutionProperties) = preSolution
		HideSolutionNode = FALSE
	EndGlobalSection
	GlobalSection(ExtensibilityGlobals) = postSolution
		SolutionGuid = {C1E67B88-310B-4593-9398-4FCD24380B03}
	EndGlobalSection
EndGlobal
